// !$*UTF8*$!
{
	archiveVersion = 1;
	classes = {
	};
	objectVersion = 56;
	objects = {

/* Begin PBXBuildFile section */
		1C4D45247207F83682A109C7 /* ExportLogView.swift in Sources */ = {isa = PBXBuildFile; fileRef = 17B94ED64713116D6A12BAFA /* ExportLogView.swift */; };
		250816942F527B6400CD5778 /* AppleNotesKit.c in Sources */ = {isa = PBXBuildFile; fileRef = 2508168E2F527B6400CD5778 /* AppleNotesKit.c */; };
		250816962F527BBB00CD5778 /* libsqlite3.tbd in Frameworks */ = {isa = PBXBuildFile; fileRef = 250816952F527BBB00CD5778 /* libsqlite3.tbd */; };
		2519EE842E3AEA7200CC5D3C /* LicensePermissionsView.swift in Sources */ = {isa = PBXBuildFile; fileRef = 2519EE832E3AEA7200CC5D3C /* LicensePermissionsView.swift */; };
		2519EE892E3BD57E00CC5D3C /* FullDiskAccess in Frameworks */ = {isa = PBXBuildFile; productRef = 2519EE882E3BD57E00CC5D3C /* FullDiskAccess */; };
		2519EE8B2E3BDE5E00CC5D3C /* HtmlToPdf in Frameworks */ = {isa = PBXBuildFile; productRef = 2519EE8A2E3BDE5E00CC5D3C /* HtmlToPdf */; };
		257242462BF18F7700BD9A67 /* utilities.swift in Sources */ = {isa = PBXBuildFile; fileRef = 257242452BF18F7700BD9A67 /* utilities.swift */; };
		EE000000000000000100SUPP /* ExportSupport.swift in Sources */ = {isa = PBXBuildFile; fileRef = EE00000000000000000XSUPP /* ExportSupport.swift */; };
		EE000000000000000101SUPP /* ExportSupport.swift in Sources */ = {isa = PBXBuildFile; fileRef = EE00000000000000000XSUPP /* ExportSupport.swift */; };
		EE000000000000000102SUPP /* ExportSupport.swift in Sources */ = {isa = PBXBuildFile; fileRef = EE00000000000000000XSUPP /* ExportSupport.swift */; };
		257E911F2BF26FC10052606E /* ExportView.swift in Sources */ = {isa = PBXBuildFile; fileRef = 257E911E2BF26FC10052606E /* ExportView.swift */; };
		257E91212BF26FD30052606E /* NoteSelectorView.swift in Sources */ = {isa = PBXBuildFile; fileRef = 257E91202BF26FD30052606E /* NoteSelectorView.swift */; };
		258D3A9329A7CC2E00858CE1 /* AppleNotesExporterApp.swift in Sources */ = {isa = PBXBuildFile; fileRef = 258D3A9229A7CC2E00858CE1 /* AppleNotesExporterApp.swift */; };
		258D3A9529A7CC2E00858CE1 /* AppleNotesExporterView.swift in Sources */ = {isa = PBXBuildFile; fileRef = 258D3A9429A7CC2E00858CE1 /* AppleNotesExporterView.swift */; };
		258D3A9729A7CC2F00858CE1 /* Assets.xcassets in Resources */ = {isa = PBXBuildFile; fileRef = 258D3A9629A7CC2F00858CE1 /* Assets.xcassets */; };
		258D3A9A29A7CC2F00858CE1 /* Preview Assets.xcassets in Resources */ = {isa = PBXBuildFile; fileRef = 258D3A9929A7CC2F00858CE1 /* Preview Assets.xcassets */; };
		258D3AA529A7CC2F00858CE1 /* Apple_Notes_ExporterTests.swift in Sources */ = {isa = PBXBuildFile; fileRef = 258D3AA429A7CC2F00858CE1 /* Apple_Notes_ExporterTests.swift */; };
		258D3AAF29A7CC2F00858CE1 /* Apple_Notes_ExporterUITests.swift in Sources */ = {isa = PBXBuildFile; fileRef = 258D3AAE29A7CC2F00858CE1 /* Apple_Notes_ExporterUITests.swift */; };
		258D3AB129A7CC2F00858CE1 /* Apple_Notes_ExporterUITestsLaunchTests.swift in Sources */ = {isa = PBXBuildFile; fileRef = 258D3AB029A7CC2F00858CE1 /* Apple_Notes_ExporterUITestsLaunchTests.swift */; };
		25A01F0C2E8F3EEF00C7D9FA /* notestore.pb.swift in Sources */ = {isa = PBXBuildFile; fileRef = 25A01F0A2E8F3EEF00C7D9FA /* notestore.pb.swift */; };
		25A01F102E8F3F6600C7D9FA /* SwiftProtobuf in Frameworks */ = {isa = PBXBuildFile; productRef = 25A01F0F2E8F3F6600C7D9FA /* SwiftProtobuf */; };
		25A01F122E8F3FBE00C7D9FA /* libz.tbd in Frameworks */ = {isa = PBXBuildFile; fileRef = 25A01F112E8F3FBE00C7D9FA /* libz.tbd */; };
		51456FAA94D28F3F9DA7ADEC /* NotesModels.swift in Sources */ = {isa = PBXBuildFile; fileRef = 213C2B20532A819D34D10996 /* NotesModels.swift */; };
		8A94616573DA263AAD9AA0FB /* NotesRepository.swift in Sources */ = {isa = PBXBuildFile; fileRef = 112D188009F1E92C1561588B /* NotesRepository.swift */; };
		8D4C76EB0567C11E57ADAA1B /* TableParser.swift in Sources */ = {isa = PBXBuildFile; fileRef = A703BDEDC79C3484E6F80575 /* TableParser.swift */; };
		981EF032D162367F78219491 /* NotesNote+Export.swift in Sources */ = {isa = PBXBuildFile; fileRef = 4DE68A68DD8DB569C0E58F0F /* NotesNote+Export.swift */; };
		A4F0225E1D3DAA18CE0DE934 /* NotesViewModel.swift in Sources */ = {isa = PBXBuildFile; fileRef = B5D09E1923B3E3C03B035AEB /* NotesViewModel.swift */; };
		A763A884FDDA01ABEE1BEE17 /* ExportConfiguration.swift in Sources */ = {isa = PBXBuildFile; fileRef = C83A62FC148D1934031FD191 /* ExportConfiguration.swift */; };
		A8F32496C70C760F63A553A8 /* ExportViewModel.swift in Sources */ = {isa = PBXBuildFile; fileRef = DF86799EAEEA063229FD0106 /* ExportViewModel.swift */; };
		AAAA000000000002LICENSES /* Licenses in Resources */ = {isa = PBXBuildFile; fileRef = AAAA000000000001LICENSES /* Licenses */; };
		B2D4E9A1F3C8A7B5D6E0F123 /* SyncManifest.swift in Sources */ = {isa = PBXBuildFile; fileRef = D1A3F7B2E4C9D8A6F5B0E234 /* SyncManifest.swift */; };
		BB000000000000000001MAIN /* NotesExportCLI.swift in Sources */ = {isa = PBXBuildFile; fileRef = AA000000000000000001MAIN /* NotesExportCLI.swift */; };
		BB000000000000000002ENGN /* CLIExportEngine.swift in Sources */ = {isa = PBXBuildFile; fileRef = AA000000000000000002ENGN /* CLIExportEngine.swift */; };
		BB000000000000000003OUTP /* CLIOutput.swift in Sources */ = {isa = PBXBuildFile; fileRef = AA000000000000000003OUTP /* CLIOutput.swift */; };
		BB000000000000000004ERRO /* CLIError.swift in Sources */ = {isa = PBXBuildFile; fileRef = AA000000000000000004ERRO /* CLIError.swift */; };
		BB000000000000000005LACC /* ListAccountsCommand.swift in Sources */ = {isa = PBXBuildFile; fileRef = AA000000000000000005LACC /* ListAccountsCommand.swift */; };
		BB000000000000000006LFLD /* ListFoldersCommand.swift in Sources */ = {isa = PBXBuildFile; fileRef = AA000000000000000006LFLD /* ListFoldersCommand.swift */; };
		BB000000000000000007LNOT /* ListNotesCommand.swift in Sources */ = {isa = PBXBuildFile; fileRef = AA000000000000000007LNOT /* ListNotesCommand.swift */; };
		BB000000000000000008EXPC /* ExportCommand.swift in Sources */ = {isa = PBXBuildFile; fileRef = AA000000000000000008EXPC /* ExportCommand.swift */; };
		BB000000000000000009KITC /* AppleNotesKit.c in Sources */ = {isa = PBXBuildFile; fileRef = 2508168E2F527B6400CD5778 /* AppleNotesKit.c */; };
		BB000000000000000009SYNC /* SyncStatusCommand.swift in Sources */ = {isa = PBXBuildFile; fileRef = AA000000000000000009SYNC /* SyncStatusCommand.swift */; };
		BB00000000000000000AMODS /* NotesModels.swift in Sources */ = {isa = PBXBuildFile; fileRef = 213C2B20532A819D34D10996 /* NotesModels.swift */; };
		BB00000000000000000BREPO /* NotesRepository.swift in Sources */ = {isa = PBXBuildFile; fileRef = 112D188009F1E92C1561588B /* NotesRepository.swift */; };
		BB00000000000000000CCFGR /* ExportConfiguration.swift in Sources */ = {isa = PBXBuildFile; fileRef = C83A62FC148D1934031FD191 /* ExportConfiguration.swift */; };
		BB00000000000000000DSYNC /* SyncManifest.swift in Sources */ = {isa = PBXBuildFile; fileRef = D1A3F7B2E4C9D8A6F5B0E234 /* SyncManifest.swift */; };
		BB00000000000000000EHTMG /* NoteHTMLGenerator.swift in Sources */ = {isa = PBXBuildFile; fileRef = BBBB000000000001HTMLGEN /* NoteHTMLGenerator.swift */; };
		BB00000000000000000FDATC /* Data+Compression.swift in Sources */ = {isa = PBXBuildFile; fileRef = CCCC000000000001DATCMP /* Data+Compression.swift */; };
		BB00000000000000000GPBSW /* notestore.pb.swift in Sources */ = {isa = PBXBuildFile; fileRef = 25A01F0A2E8F3EEF00C7D9FA /* notestore.pb.swift */; };
		BB00000000000000000HHTML /* HTMLAttachmentProcessor.swift in Sources */ = {isa = PBXBuildFile; fileRef = 5E296FC967ECC48BECE58F68 /* HTMLAttachmentProcessor.swift */; };
		BB00000000000000000ITABL /* TableParser.swift in Sources */ = {isa = PBXBuildFile; fileRef = A703BDEDC79C3484E6F80575 /* TableParser.swift */; };
		BB00000000000000000JNOTE /* NotesNote+Export.swift in Sources */ = {isa = PBXBuildFile; fileRef = 4DE68A68DD8DB569C0E58F0F /* NotesNote+Export.swift */; };
		BB00000000000000000KSQLT /* libsqlite3.tbd in Frameworks */ = {isa = PBXBuildFile; fileRef = 250816952F527BBB00CD5778 /* libsqlite3.tbd */; };
		BB00000000000000000LZLIB /* libz.tbd in Frameworks */ = {isa = PBXBuildFile; fileRef = 25A01F112E8F3FBE00C7D9FA /* libz.tbd */; };
		BB00000000000000000MSPRT /* SwiftProtobuf in Frameworks */ = {isa = PBXBuildFile; productRef = II000000000000000002SPDP /* SwiftProtobuf */; };
		BB00000000000000000NAPAR /* ArgumentParser in Frameworks */ = {isa = PBXBuildFile; productRef = II000000000000000001APDP /* ArgumentParser */; };
		BB00000000000000002MSVR /* NotesMCPServer.swift in Sources */ = {isa = PBXBuildFile; fileRef = AA00000000000000002MSVR /* NotesMCPServer.swift */; };
		BB00000000000000003MHND /* MCPToolHandlers.swift in Sources */ = {isa = PBXBuildFile; fileRef = AA00000000000000003MHND /* MCPToolHandlers.swift */; };
		BBBB000000000002HTMLGEN /* NoteHTMLGenerator.swift in Sources */ = {isa = PBXBuildFile; fileRef = BBBB000000000001HTMLGEN /* NoteHTMLGenerator.swift */; };
		CCCC000000000002DATCMP /* Data+Compression.swift in Sources */ = {isa = PBXBuildFile; fileRef = CCCC000000000001DATCMP /* Data+Compression.swift */; };
		CD247032451BCF2264B446AC /* FormatOptionsView.swift in Sources */ = {isa = PBXBuildFile; fileRef = F873000AF0346FE18B1971CF /* FormatOptionsView.swift */; };
		F6A42B2B6E8AFF8161AA22CE /* HTMLAttachmentProcessor.swift in Sources */ = {isa = PBXBuildFile; fileRef = 5E296FC967ECC48BECE58F68 /* HTMLAttachmentProcessor.swift */; };
		MC000000000000000001KITC /* AppleNotesKit.c in Sources */ = {isa = PBXBuildFile; fileRef = 2508168E2F527B6400CD5778 /* AppleNotesKit.c */; };
		MC000000000000000002MODS /* NotesModels.swift in Sources */ = {isa = PBXBuildFile; fileRef = 213C2B20532A819D34D10996 /* NotesModels.swift */; };
		MC000000000000000003REPO /* NotesRepository.swift in Sources */ = {isa = PBXBuildFile; fileRef = 112D188009F1E92C1561588B /* NotesRepository.swift */; };
		MC000000000000000004CFGR /* ExportConfiguration.swift in Sources */ = {isa = PBXBuildFile; fileRef = C83A62FC148D1934031FD191 /* ExportConfiguration.swift */; };
		MC000000000000000005SYNC /* SyncManifest.swift in Sources */ = {isa = PBXBuildFile; fileRef = D1A3F7B2E4C9D8A6F5B0E234 /* SyncManifest.swift */; };
		MC000000000000000006HTMG /* NoteHTMLGenerator.swift in Sources */ = {isa = PBXBuildFile; fileRef = BBBB000000000001HTMLGEN /* NoteHTMLGenerator.swift */; };
		MC000000000000000007DATC /* Data+Compression.swift in Sources */ = {isa = PBXBuildFile; fileRef = CCCC000000000001DATCMP /* Data+Compression.swift */; };
		MC000000000000000008PBSW /* notestore.pb.swift in Sources */ = {isa = PBXBuildFile; fileRef = 25A01F0A2E8F3EEF00C7D9FA /* notestore.pb.swift */; };
		MC000000000000000009HTML /* HTMLAttachmentProcessor.swift in Sources */ = {isa = PBXBuildFile; fileRef = 5E296FC967ECC48BECE58F68 /* HTMLAttachmentProcessor.swift */; };
		MC00000000000000000ATABL /* TableParser.swift in Sources */ = {isa = PBXBuildFile; fileRef = A703BDEDC79C3484E6F80575 /* TableParser.swift */; };
		MC00000000000000000BNOTE /* NotesNote+Export.swift in Sources */ = {isa = PBXBuildFile; fileRef = 4DE68A68DD8DB569C0E58F0F /* NotesNote+Export.swift */; };
		MC00000000000000000CENGN /* CLIExportEngine.swift in Sources */ = {isa = PBXBuildFile; fileRef = AA000000000000000002ENGN /* CLIExportEngine.swift */; };
		MC00000000000000000DOUTP /* CLIOutput.swift in Sources */ = {isa = PBXBuildFile; fileRef = AA000000000000000003OUTP /* CLIOutput.swift */; };
		MC00000000000000000EERRO /* CLIError.swift in Sources */ = {isa = PBXBuildFile; fileRef = AA000000000000000004ERRO /* CLIError.swift */; };
		MC00000000000000000FSQLT /* libsqlite3.tbd in Frameworks */ = {isa = PBXBuildFile; fileRef = 250816952F527BBB00CD5778 /* libsqlite3.tbd */; };
		MC00000000000000000GZLIB /* libz.tbd in Frameworks */ = {isa = PBXBuildFile; fileRef = 25A01F112E8F3FBE00C7D9FA /* libz.tbd */; };
		MC00000000000000000HSPRT /* SwiftProtobuf in Frameworks */ = {isa = PBXBuildFile; productRef = II000000000000000006SPDP /* SwiftProtobuf */; };
		MC00000000000000000IMCPP /* MCP in Frameworks */ = {isa = PBXBuildFile; productRef = II000000000000000005APDP /* MCP */; };
/* End PBXBuildFile section */

/* Begin PBXBuildRule section */
		250281F82A26469900E83144 /* PBXBuildRule */ = {
			isa = PBXBuildRule;
			compilerSpec = com.apple.compilers.proxy.script;
			fileType = pattern.proxy;
			inputFiles = (
			);
			isEditable = 1;
			outputFiles = (
			);
			script = "# Type a script or drag a script file from your workspace to insert its path.\n";
		};
/* End PBXBuildRule section */

/* Begin PBXContainerItemProxy section */
		258D3AA129A7CC2F00858CE1 /* PBXContainerItemProxy */ = {
			isa = PBXContainerItemProxy;
			containerPortal = 258D3A8729A7CC2E00858CE1 /* Project object */;
			proxyType = 1;
			remoteGlobalIDString = 258D3A8E29A7CC2E00858CE1;
			remoteInfo = "Apple Notes Exporter";
		};
		258D3AAB29A7CC2F00858CE1 /* PBXContainerItemProxy */ = {
			isa = PBXContainerItemProxy;
			containerPortal = 258D3A8729A7CC2E00858CE1 /* Project object */;
			proxyType = 1;
			remoteGlobalIDString = 258D3A8E29A7CC2E00858CE1;
			remoteInfo = "Apple Notes Exporter";
		};
/* End PBXContainerItemProxy section */

/* Begin PBXFileReference section */
		112D188009F1E92C1561588B /* NotesRepository.swift */ = {isa = PBXFileReference; includeInIndex = 1; lastKnownFileType = sourcecode.swift; name = NotesRepository.swift; path = Repository/NotesRepository.swift; sourceTree = "<group>"; };
		17B94ED64713116D6A12BAFA /* ExportLogView.swift */ = {isa = PBXFileReference; includeInIndex = 1; lastKnownFileType = sourcecode.swift; path = ExportLogView.swift; sourceTree = "<group>"; };
		213C2B20532A819D34D10996 /* NotesModels.swift */ = {isa = PBXFileReference; includeInIndex = 1; lastKnownFileType = sourcecode.swift; name = NotesModels.swift; path = Models/NotesModels.swift; sourceTree = "<group>"; };
		2508168D2F527B6400CD5778 /* AppleNotesKit.h */ = {isa = PBXFileReference; lastKnownFileType = sourcecode.c.h; path = AppleNotesKit.h; sourceTree = "<group>"; };
		2508168E2F527B6400CD5778 /* AppleNotesKit.c */ = {isa = PBXFileReference; lastKnownFileType = sourcecode.c.c; path = AppleNotesKit.c; sourceTree = "<group>"; };
		250816912F527B6400CD5778 /* AppleNotesKit-Bridging-Header.h */ = {isa = PBXFileReference; lastKnownFileType = sourcecode.c.h; path = "AppleNotesKit-Bridging-Header.h"; sourceTree = "<group>"; };
		250816952F527BBB00CD5778 /* libsqlite3.tbd */ = {isa = PBXFileReference; lastKnownFileType = "sourcecode.text-based-dylib-definition"; name = libsqlite3.tbd; path = usr/lib/libsqlite3.tbd; sourceTree = SDKROOT; };
		2519EE832E3AEA7200CC5D3C /* LicensePermissionsView.swift */ = {isa = PBXFileReference; lastKnownFileType = sourcecode.swift; path = LicensePermissionsView.swift; sourceTree = "<group>"; };
		257242452BF18F7700BD9A67 /* utilities.swift */ = {isa = PBXFileReference; lastKnownFileType = sourcecode.swift; path = utilities.swift; sourceTree = "<group>"; };
		EE00000000000000000XSUPP /* ExportSupport.swift */ = {isa = PBXFileReference; lastKnownFileType = sourcecode.swift; path = ExportSupport.swift; sourceTree = "<group>"; };
		257E911E2BF26FC10052606E /* ExportView.swift */ = {isa = PBXFileReference; lastKnownFileType = sourcecode.swift; path = ExportView.swift; sourceTree = "<group>"; };
		257E91202BF26FD30052606E /* NoteSelectorView.swift */ = {isa = PBXFileReference; lastKnownFileType = sourcecode.swift; path = NoteSelectorView.swift; sourceTree = "<group>"; };
		258D3A8F29A7CC2E00858CE1 /* Apple Notes Exporter.app */ = {isa = PBXFileReference; explicitFileType = wrapper.application; includeInIndex = 0; path = "Apple Notes Exporter.app"; sourceTree = BUILT_PRODUCTS_DIR; };
		258D3A9229A7CC2E00858CE1 /* AppleNotesExporterApp.swift */ = {isa = PBXFileReference; lastKnownFileType = sourcecode.swift; path = AppleNotesExporterApp.swift; sourceTree = "<group>"; };
		258D3A9429A7CC2E00858CE1 /* AppleNotesExporterView.swift */ = {isa = PBXFileReference; lastKnownFileType = sourcecode.swift; path = AppleNotesExporterView.swift; sourceTree = "<group>"; };
		258D3A9629A7CC2F00858CE1 /* Assets.xcassets */ = {isa = PBXFileReference; lastKnownFileType = folder.assetcatalog; path = Assets.xcassets; sourceTree = "<group>"; };
		258D3A9929A7CC2F00858CE1 /* Preview Assets.xcassets */ = {isa = PBXFileReference; lastKnownFileType = folder.assetcatalog; path = "Preview Assets.xcassets"; sourceTree = "<group>"; };
		258D3A9B29A7CC2F00858CE1 /* Apple_Notes_Exporter.entitlements */ = {isa = PBXFileReference; lastKnownFileType = text.plist.entitlements; path = Apple_Notes_Exporter.entitlements; sourceTree = "<group>"; };
		258D3AA029A7CC2F00858CE1 /* Apple Notes ExporterTests.xctest */ = {isa = PBXFileReference; explicitFileType = wrapper.cfbundle; includeInIndex = 0; path = "Apple Notes ExporterTests.xctest"; sourceTree = BUILT_PRODUCTS_DIR; };
		258D3AA429A7CC2F00858CE1 /* Apple_Notes_ExporterTests.swift */ = {isa = PBXFileReference; lastKnownFileType = sourcecode.swift; path = Apple_Notes_ExporterTests.swift; sourceTree = "<group>"; };
		258D3AAA29A7CC2F00858CE1 /* Apple Notes ExporterUITests.xctest */ = {isa = PBXFileReference; explicitFileType = wrapper.cfbundle; includeInIndex = 0; path = "Apple Notes ExporterUITests.xctest"; sourceTree = BUILT_PRODUCTS_DIR; };
		258D3AAE29A7CC2F00858CE1 /* Apple_Notes_ExporterUITests.swift */ = {isa = PBXFileReference; lastKnownFileType = sourcecode.swift; path = Apple_Notes_ExporterUITests.swift; sourceTree = "<group>"; };
		258D3AB029A7CC2F00858CE1 /* Apple_Notes_ExporterUITestsLaunchTests.swift */ = {isa = PBXFileReference; lastKnownFileType = sourcecode.swift; path = Apple_Notes_ExporterUITestsLaunchTests.swift; sourceTree = "<group>"; };
		2596C4D52A1F1DEE00EFF4F3 /* Apple-Notes-Exporter-Info.plist */ = {isa = PBXFileReference; lastKnownFileType = text.plist; path = "Apple-Notes-Exporter-Info.plist"; sourceTree = SOURCE_ROOT; };
		25A01F0A2E8F3EEF00C7D9FA /* notestore.pb.swift */ = {isa = PBXFileReference; lastKnownFileType = sourcecode.swift; path = notestore.pb.swift; sourceTree = "<group>"; };
		25A01F112E8F3FBE00C7D9FA /* libz.tbd */ = {isa = PBXFileReference; lastKnownFileType = "sourcecode.text-based-dylib-definition"; name = libz.tbd; path = usr/lib/libz.tbd; sourceTree = SDKROOT; };
		25EB771F2BFA9E2600A35E62 /* ScriptingBridge.framework */ = {isa = PBXFileReference; lastKnownFileType = wrapper.framework; name = ScriptingBridge.framework; path = System/Library/Frameworks/ScriptingBridge.framework; sourceTree = SDKROOT; };
		4DE68A68DD8DB569C0E58F0F /* NotesNote+Export.swift */ = {isa = PBXFileReference; includeInIndex = 1; lastKnownFileType = sourcecode.swift; name = "NotesNote+Export.swift"; path = "Models/NotesNote+Export.swift"; sourceTree = "<group>"; };
		5E296FC967ECC48BECE58F68 /* HTMLAttachmentProcessor.swift */ = {isa = PBXFileReference; includeInIndex = 1; lastKnownFileType = sourcecode.swift; path = HTMLAttachmentProcessor.swift; sourceTree = "<group>"; };
		A703BDEDC79C3484E6F80575 /* TableParser.swift */ = {isa = PBXFileReference; includeInIndex = 1; lastKnownFileType = sourcecode.swift; path = TableParser.swift; sourceTree = "<group>"; };
		AA000000000000000001MAIN /* NotesExportCLI.swift */ = {isa = PBXFileReference; lastKnownFileType = sourcecode.swift; path = NotesExportCLI.swift; sourceTree = "<group>"; };
		AA000000000000000002ENGN /* CLIExportEngine.swift */ = {isa = PBXFileReference; lastKnownFileType = sourcecode.swift; path = CLIExportEngine.swift; sourceTree = "<group>"; };
		AA000000000000000003OUTP /* CLIOutput.swift */ = {isa = PBXFileReference; lastKnownFileType = sourcecode.swift; path = CLIOutput.swift; sourceTree = "<group>"; };
		AA000000000000000004ERRO /* CLIError.swift */ = {isa = PBXFileReference; lastKnownFileType = sourcecode.swift; path = CLIError.swift; sourceTree = "<group>"; };
		AA000000000000000005LACC /* ListAccountsCommand.swift */ = {isa = PBXFileReference; lastKnownFileType = sourcecode.swift; path = ListAccountsCommand.swift; sourceTree = "<group>"; };
		AA000000000000000006LFLD /* ListFoldersCommand.swift */ = {isa = PBXFileReference; lastKnownFileType = sourcecode.swift; path = ListFoldersCommand.swift; sourceTree = "<group>"; };
		AA000000000000000007LNOT /* ListNotesCommand.swift */ = {isa = PBXFileReference; lastKnownFileType = sourcecode.swift; path = ListNotesCommand.swift; sourceTree = "<group>"; };
		AA000000000000000008EXPC /* ExportCommand.swift */ = {isa = PBXFileReference; lastKnownFileType = sourcecode.swift; path = ExportCommand.swift; sourceTree = "<group>"; };
		AA000000000000000009ENTI /* AppleNotesExporterCLI.entitlements */ = {isa = PBXFileReference; lastKnownFileType = text.plist.entitlements; path = AppleNotesExporterCLI.entitlements; sourceTree = "<group>"; };
		AA000000000000000009SYNC /* SyncStatusCommand.swift */ = {isa = PBXFileReference; lastKnownFileType = sourcecode.swift; path = SyncStatusCommand.swift; sourceTree = "<group>"; };
		AA00000000000000000APROD /* notes-export */ = {isa = PBXFileReference; explicitFileType = "compiled.mach-o.executable"; includeInIndex = 0; path = "notes-export"; sourceTree = BUILT_PRODUCTS_DIR; };
		AA00000000000000001MPROD /* notes-export-mcp */ = {isa = PBXFileReference; explicitFileType = "compiled.mach-o.executable"; includeInIndex = 0; path = "notes-export-mcp"; sourceTree = BUILT_PRODUCTS_DIR; };
		AA00000000000000002MSVR /* NotesMCPServer.swift */ = {isa = PBXFileReference; lastKnownFileType = sourcecode.swift; path = NotesMCPServer.swift; sourceTree = "<group>"; };
		AA00000000000000003MHND /* MCPToolHandlers.swift */ = {isa = PBXFileReference; lastKnownFileType = sourcecode.swift; path = MCPToolHandlers.swift; sourceTree = "<group>"; };
		AA00000000000000004MENT /* AppleNotesExporterMCP.entitlements */ = {isa = PBXFileReference; lastKnownFileType = text.plist.entitlements; path = AppleNotesExporterMCP.entitlements; sourceTree = "<group>"; };
		AAAA000000000001LICENSES /* Licenses */ = {isa = PBXFileReference; lastKnownFileType = folder; path = Licenses; sourceTree = "<group>"; };
		B5D09E1923B3E3C03B035AEB /* NotesViewModel.swift */ = {isa = PBXFileReference; includeInIndex = 1; lastKnownFileType = sourcecode.swift; name = NotesViewModel.swift; path = ViewModels/NotesViewModel.swift; sourceTree = "<group>"; };
		BBBB000000000001HTMLGEN /* NoteHTMLGenerator.swift */ = {isa = PBXFileReference; lastKnownFileType = sourcecode.swift; path = NoteHTMLGenerator.swift; sourceTree = "<group>"; };
		C83A62FC148D1934031FD191 /* ExportConfiguration.swift */ = {isa = PBXFileReference; includeInIndex = 1; lastKnownFileType = sourcecode.swift; name = ExportConfiguration.swift; path = Models/ExportConfiguration.swift; sourceTree = "<group>"; };
		CCCC000000000001DATCMP /* Data+Compression.swift */ = {isa = PBXFileReference; lastKnownFileType = sourcecode.swift; path = "Data+Compression.swift"; sourceTree = "<group>"; };
		D1A3F7B2E4C9D8A6F5B0E234 /* SyncManifest.swift */ = {isa = PBXFileReference; includeInIndex = 1; lastKnownFileType = sourcecode.swift; name = SyncManifest.swift; path = Models/SyncManifest.swift; sourceTree = "<group>"; };
		DF86799EAEEA063229FD0106 /* ExportViewModel.swift */ = {isa = PBXFileReference; includeInIndex = 1; lastKnownFileType = sourcecode.swift; name = ExportViewModel.swift; path = ViewModels/ExportViewModel.swift; sourceTree = "<group>"; };
		F873000AF0346FE18B1971CF /* FormatOptionsView.swift */ = {isa = PBXFileReference; includeInIndex = 1; lastKnownFileType = sourcecode.swift; path = FormatOptionsView.swift; sourceTree = "<group>"; };
/* End PBXFileReference section */

/* Begin PBXFrameworksBuildPhase section */
		258D3A8C29A7CC2E00858CE1 /* Frameworks */ = {
			isa = PBXFrameworksBuildPhase;
			buildActionMask = 2147483647;
			files = (
				250816962F527BBB00CD5778 /* libsqlite3.tbd in Frameworks */,
				25A01F122E8F3FBE00C7D9FA /* libz.tbd in Frameworks */,
				2519EE892E3BD57E00CC5D3C /* FullDiskAccess in Frameworks */,
				2519EE8B2E3BDE5E00CC5D3C /* HtmlToPdf in Frameworks */,
				25A01F102E8F3F6600C7D9FA /* SwiftProtobuf in Frameworks */,
			);
			runOnlyForDeploymentPostprocessing = 0;
		};
		258D3A9D29A7CC2F00858CE1 /* Frameworks */ = {
			isa = PBXFrameworksBuildPhase;
			buildActionMask = 2147483647;
			files = (
			);
			runOnlyForDeploymentPostprocessing = 0;
		};
		258D3AA729A7CC2F00858CE1 /* Frameworks */ = {
			isa = PBXFrameworksBuildPhase;
			buildActionMask = 2147483647;
			files = (
			);
			runOnlyForDeploymentPostprocessing = 0;
		};
		CC000000000000000002FRMS /* Frameworks */ = {
			isa = PBXFrameworksBuildPhase;
			buildActionMask = 2147483647;
			files = (
				BB00000000000000000KSQLT /* libsqlite3.tbd in Frameworks */,
				BB00000000000000000LZLIB /* libz.tbd in Frameworks */,
				BB00000000000000000MSPRT /* SwiftProtobuf in Frameworks */,
				BB00000000000000000NAPAR /* ArgumentParser in Frameworks */,
			);
			runOnlyForDeploymentPostprocessing = 0;
		};
		CC000000000000000004FRMS /* Frameworks */ = {
			isa = PBXFrameworksBuildPhase;
			buildActionMask = 2147483647;
			files = (
				MC00000000000000000FSQLT /* libsqlite3.tbd in Frameworks */,
				MC00000000000000000GZLIB /* libz.tbd in Frameworks */,
				MC00000000000000000HSPRT /* SwiftProtobuf in Frameworks */,
				MC00000000000000000IMCPP /* MCP in Frameworks */,
			);
			runOnlyForDeploymentPostprocessing = 0;
		};
/* End PBXFrameworksBuildPhase section */

/* Begin PBXGroup section */
		0BEA79757FF1A8D4F96AC83E /* ViewModels */ = {
			isa = PBXGroup;
			children = (
				B5D09E1923B3E3C03B035AEB /* NotesViewModel.swift */,
				DF86799EAEEA063229FD0106 /* ExportViewModel.swift */,
			);
			name = ViewModels;
			sourceTree = "<group>";
		};
		250816922F527B6400CD5778 /* AppleNotesKit */ = {
			isa = PBXGroup;
			children = (
				2508168D2F527B6400CD5778 /* AppleNotesKit.h */,
				2508168E2F527B6400CD5778 /* AppleNotesKit.c */,
				250816912F527B6400CD5778 /* AppleNotesKit-Bridging-Header.h */,
			);
			path = AppleNotesKit;
			sourceTree = "<group>";
		};
		258D3A8629A7CC2E00858CE1 = {
			isa = PBXGroup;
			children = (
				258D3A9129A7CC2E00858CE1 /* Apple Notes Exporter */,
				DD000000000000000001CGRP /* Apple Notes Exporter CLI */,
				DD000000000000000003MCPG /* Apple Notes Exporter MCP */,
				258D3AA329A7CC2F00858CE1 /* Apple Notes ExporterTests */,
				258D3AAD29A7CC2F00858CE1 /* Apple Notes ExporterUITests */,
				258D3A9029A7CC2E00858CE1 /* Products */,
				25EB771E2BFA9E2600A35E62 /* Frameworks */,
			);
			sourceTree = "<group>";
		};
		258D3A9029A7CC2E00858CE1 /* Products */ = {
			isa = PBXGroup;
			children = (
				258D3A8F29A7CC2E00858CE1 /* Apple Notes Exporter.app */,
				258D3AA029A7CC2F00858CE1 /* Apple Notes ExporterTests.xctest */,
				258D3AAA29A7CC2F00858CE1 /* Apple Notes ExporterUITests.xctest */,
				AA00000000000000000APROD /* notes-export */,
				AA00000000000000001MPROD /* notes-export-mcp */,
			);
			name = Products;
			sourceTree = "<group>";
		};
		258D3A9129A7CC2E00858CE1 /* Apple Notes Exporter */ = {
			isa = PBXGroup;
			children = (
				250816922F527B6400CD5778 /* AppleNotesKit */,
				CCCC000000000001DATCMP /* Data+Compression.swift */,
				25A01F0A2E8F3EEF00C7D9FA /* notestore.pb.swift */,
				2596C4D52A1F1DEE00EFF4F3 /* Apple-Notes-Exporter-Info.plist */,
				258D3A9229A7CC2E00858CE1 /* AppleNotesExporterApp.swift */,
				258D3A9429A7CC2E00858CE1 /* AppleNotesExporterView.swift */,
				258D3A9629A7CC2F00858CE1 /* Assets.xcassets */,
				258D3A9B29A7CC2F00858CE1 /* Apple_Notes_Exporter.entitlements */,
				258D3A9829A7CC2F00858CE1 /* Preview Content */,
				AAAA000000000001LICENSES /* Licenses */,
				257242452BF18F7700BD9A67 /* utilities.swift */,
				EE00000000000000000XSUPP /* ExportSupport.swift */,
				257E911E2BF26FC10052606E /* ExportView.swift */,
				257E91202BF26FD30052606E /* NoteSelectorView.swift */,
				2519EE832E3AEA7200CC5D3C /* LicensePermissionsView.swift */,
				0BEA79757FF1A8D4F96AC83E /* ViewModels */,
				27C38E5382C319F20E10CA04 /* Repository */,
				9E354112F2D9F31877DBB428 /* Models */,
				17B94ED64713116D6A12BAFA /* ExportLogView.swift */,
				A703BDEDC79C3484E6F80575 /* TableParser.swift */,
				F873000AF0346FE18B1971CF /* FormatOptionsView.swift */,
				BBBB000000000001HTMLGEN /* NoteHTMLGenerator.swift */,
				80A04E9746F5F871E62EEA87 /* Apple Notes Exporter */,
			);
			path = "Apple Notes Exporter";
			sourceTree = "<group>";
		};
		258D3A9829A7CC2F00858CE1 /* Preview Content */ = {
			isa = PBXGroup;
			children = (
				258D3A9929A7CC2F00858CE1 /* Preview Assets.xcassets */,
			);
			path = "Preview Content";
			sourceTree = "<group>";
		};
		258D3AA329A7CC2F00858CE1 /* Apple Notes ExporterTests */ = {
			isa = PBXGroup;
			children = (
				258D3AA429A7CC2F00858CE1 /* Apple_Notes_ExporterTests.swift */,
			);
			path = "Apple Notes ExporterTests";
			sourceTree = "<group>";
		};
		258D3AAD29A7CC2F00858CE1 /* Apple Notes ExporterUITests */ = {
			isa = PBXGroup;
			children = (
				258D3AAE29A7CC2F00858CE1 /* Apple_Notes_ExporterUITests.swift */,
				258D3AB029A7CC2F00858CE1 /* Apple_Notes_ExporterUITestsLaunchTests.swift */,
			);
			path = "Apple Notes ExporterUITests";
			sourceTree = "<group>";
		};
		25EB771E2BFA9E2600A35E62 /* Frameworks */ = {
			isa = PBXGroup;
			children = (
				250816952F527BBB00CD5778 /* libsqlite3.tbd */,
				25A01F112E8F3FBE00C7D9FA /* libz.tbd */,
				25EB771F2BFA9E2600A35E62 /* ScriptingBridge.framework */,
			);
			name = Frameworks;
			sourceTree = "<group>";
		};
		27C38E5382C319F20E10CA04 /* Repository */ = {
			isa = PBXGroup;
			children = (
				112D188009F1E92C1561588B /* NotesRepository.swift */,
			);
			name = Repository;
			sourceTree = "<group>";
		};
		80A04E9746F5F871E62EEA87 /* Apple Notes Exporter */ = {
			isa = PBXGroup;
			children = (
				5E296FC967ECC48BECE58F68 /* HTMLAttachmentProcessor.swift */,
			);
			name = "Apple Notes Exporter";
			sourceTree = "<group>";
		};
		9E354112F2D9F31877DBB428 /* Models */ = {
			isa = PBXGroup;
			children = (
				213C2B20532A819D34D10996 /* NotesModels.swift */,
				4DE68A68DD8DB569C0E58F0F /* NotesNote+Export.swift */,
				C83A62FC148D1934031FD191 /* ExportConfiguration.swift */,
				D1A3F7B2E4C9D8A6F5B0E234 /* SyncManifest.swift */,
			);
			name = Models;
			sourceTree = "<group>";
		};
		DD000000000000000001CGRP /* Apple Notes Exporter CLI */ = {
			isa = PBXGroup;
			children = (
				AA000000000000000001MAIN /* NotesExportCLI.swift */,
				AA000000000000000002ENGN /* CLIExportEngine.swift */,
				AA000000000000000003OUTP /* CLIOutput.swift */,
				AA000000000000000004ERRO /* CLIError.swift */,
				AA000000000000000009ENTI /* AppleNotesExporterCLI.entitlements */,
				DD000000000000000002CMDS /* Commands */,
			);
			path = "Apple Notes Exporter CLI";
			sourceTree = "<group>";
		};
		DD000000000000000002CMDS /* Commands */ = {
			isa = PBXGroup;
			children = (
				AA000000000000000005LACC /* ListAccountsCommand.swift */,
				AA000000000000000006LFLD /* ListFoldersCommand.swift */,
				AA000000000000000007LNOT /* ListNotesCommand.swift */,
				AA000000000000000008EXPC /* ExportCommand.swift */,
				AA000000000000000009SYNC /* SyncStatusCommand.swift */,
			);
			path = Commands;
			sourceTree = "<group>";
		};
		DD000000000000000003MCPG /* Apple Notes Exporter MCP */ = {
			isa = PBXGroup;
			children = (
				AA00000000000000002MSVR /* NotesMCPServer.swift */,
				AA00000000000000003MHND /* MCPToolHandlers.swift */,
				AA00000000000000004MENT /* AppleNotesExporterMCP.entitlements */,
			);
			path = "Apple Notes Exporter MCP";
			sourceTree = "<group>";
		};
/* End PBXGroup section */

/* Begin PBXNativeTarget section */
		258D3A8E29A7CC2E00858CE1 /* Apple Notes Exporter */ = {
			isa = PBXNativeTarget;
			buildConfigurationList = 258D3AB429A7CC2F00858CE1 /* Build configuration list for PBXNativeTarget "Apple Notes Exporter" */;
			buildPhases = (
				258D3A8B29A7CC2E00858CE1 /* Sources */,
				258D3A8C29A7CC2E00858CE1 /* Frameworks */,
				258D3A8D29A7CC2E00858CE1 /* Resources */,
			);
			buildRules = (
				250281F82A26469900E83144 /* PBXBuildRule */,
			);
			dependencies = (
			);
			name = "Apple Notes Exporter";
			packageProductDependencies = (
				2519EE882E3BD57E00CC5D3C /* FullDiskAccess */,
				2519EE8A2E3BDE5E00CC5D3C /* HtmlToPdf */,
				25A01F0F2E8F3F6600C7D9FA /* SwiftProtobuf */,
			);
			productName = "Apple Notes Exporter";
			productReference = 258D3A8F29A7CC2E00858CE1 /* Apple Notes Exporter.app */;
			productType = "com.apple.product-type.application";
		};
		258D3A9F29A7CC2F00858CE1 /* Apple Notes ExporterTests */ = {
			isa = PBXNativeTarget;
			buildConfigurationList = 258D3AB729A7CC2F00858CE1 /* Build configuration list for PBXNativeTarget "Apple Notes ExporterTests" */;
			buildPhases = (
				258D3A9C29A7CC2F00858CE1 /* Sources */,
				258D3A9D29A7CC2F00858CE1 /* Frameworks */,
				258D3A9E29A7CC2F00858CE1 /* Resources */,
			);
			buildRules = (
			);
			dependencies = (
				258D3AA229A7CC2F00858CE1 /* PBXTargetDependency */,
			);
			name = "Apple Notes ExporterTests";
			productName = "Apple Notes ExporterTests";
			productReference = 258D3AA029A7CC2F00858CE1 /* Apple Notes ExporterTests.xctest */;
			productType = "com.apple.product-type.bundle.unit-test";
		};
		258D3AA929A7CC2F00858CE1 /* Apple Notes ExporterUITests */ = {
			isa = PBXNativeTarget;
			buildConfigurationList = 258D3ABA29A7CC2F00858CE1 /* Build configuration list for PBXNativeTarget "Apple Notes ExporterUITests" */;
			buildPhases = (
				258D3AA629A7CC2F00858CE1 /* Sources */,
				258D3AA729A7CC2F00858CE1 /* Frameworks */,
				258D3AA829A7CC2F00858CE1 /* Resources */,
			);
			buildRules = (
			);
			dependencies = (
				258D3AAC29A7CC2F00858CE1 /* PBXTargetDependency */,
			);
			name = "Apple Notes ExporterUITests";
			productName = "Apple Notes ExporterUITests";
			productReference = 258D3AAA29A7CC2F00858CE1 /* Apple Notes ExporterUITests.xctest */;
			productType = "com.apple.product-type.bundle.ui-testing";
		};
		EE000000000000000001TGTT /* notes-export */ = {
			isa = PBXNativeTarget;
			buildConfigurationList = GG000000000000000001CFGL /* Build configuration list for PBXNativeTarget "notes-export" */;
			buildPhases = (
				CC000000000000000001SRCS /* Sources */,
				CC000000000000000002FRMS /* Frameworks */,
			);
			buildRules = (
			);
			dependencies = (
			);
			name = "notes-export";
			packageProductDependencies = (
				II000000000000000001APDP /* ArgumentParser */,
				II000000000000000002SPDP /* SwiftProtobuf */,
			);
			productName = "notes-export";
			productReference = AA00000000000000000APROD /* notes-export */;
			productType = "com.apple.product-type.tool";
		};
		EE000000000000000002TGTT /* notes-export-mcp */ = {
			isa = PBXNativeTarget;
			buildConfigurationList = GG000000000000000002CFGL /* Build configuration list for PBXNativeTarget "notes-export-mcp" */;
			buildPhases = (
				CC000000000000000003SRCS /* Sources */,
				CC000000000000000004FRMS /* Frameworks */,
			);
			buildRules = (
			);
			dependencies = (
			);
			name = "notes-export-mcp";
			packageProductDependencies = (
				II000000000000000005APDP /* MCP */,
				II000000000000000006SPDP /* SwiftProtobuf */,
			);
			productName = "notes-export-mcp";
			productReference = AA00000000000000001MPROD /* notes-export-mcp */;
			productType = "com.apple.product-type.tool";
		};
/* End PBXNativeTarget section */

/* Begin PBXProject section */
		258D3A8729A7CC2E00858CE1 /* Project object */ = {
			isa = PBXProject;
			attributes = {
				BuildIndependentTargetsInParallel = 1;
				LastSwiftUpdateCheck = 1420;
				LastUpgradeCheck = 2630;
				TargetAttributes = {
					258D3A8E29A7CC2E00858CE1 = {
						CreatedOnToolsVersion = 14.2;
					};
					258D3A9F29A7CC2F00858CE1 = {
						CreatedOnToolsVersion = 14.2;
						TestTargetID = 258D3A8E29A7CC2E00858CE1;
					};
					258D3AA929A7CC2F00858CE1 = {
						CreatedOnToolsVersion = 14.2;
						TestTargetID = 258D3A8E29A7CC2E00858CE1;
					};
					EE000000000000000001TGTT = {
						CreatedOnToolsVersion = 14.2;
					};
					EE000000000000000002TGTT = {
						CreatedOnToolsVersion = 14.2;
					};
				};
			};
			buildConfigurationList = 258D3A8A29A7CC2E00858CE1 /* Build configuration list for PBXProject "Apple Notes Exporter" */;
			compatibilityVersion = "Xcode 14.0";
			developmentRegion = en;
			hasScannedForEncodings = 0;
			knownRegions = (
				en,
				Base,
			);
			mainGroup = 258D3A8629A7CC2E00858CE1;
			packageReferences = (
				25479E582E1C5D08003E49E6 /* XCRemoteSwiftPackageReference "swift-html-to-pdf" */,
				2519EE872E3BD57E00CC5D3C /* XCRemoteSwiftPackageReference "FullDiskAccess" */,
				25A01F0E2E8F3F6600C7D9FA /* XCRemoteSwiftPackageReference "swift-protobuf" */,
				HH000000000000000001ARGP /* XCRemoteSwiftPackageReference "swift-argument-parser" */,
				HH000000000000000002SDKP /* XCRemoteSwiftPackageReference "swift-sdk" */,
			);
			productRefGroup = 258D3A9029A7CC2E00858CE1 /* Products */;
			projectDirPath = "";
			projectRoot = "";
			targets = (
				258D3A8E29A7CC2E00858CE1 /* Apple Notes Exporter */,
				258D3A9F29A7CC2F00858CE1 /* Apple Notes ExporterTests */,
				258D3AA929A7CC2F00858CE1 /* Apple Notes ExporterUITests */,
				EE000000000000000001TGTT /* notes-export */,
				EE000000000000000002TGTT /* notes-export-mcp */,
			);
		};
/* End PBXProject section */

/* Begin PBXResourcesBuildPhase section */
		258D3A8D29A7CC2E00858CE1 /* Resources */ = {
			isa = PBXResourcesBuildPhase;
			buildActionMask = 2147483647;
			files = (
				258D3A9A29A7CC2F00858CE1 /* Preview Assets.xcassets in Resources */,
				258D3A9729A7CC2F00858CE1 /* Assets.xcassets in Resources */,
				AAAA000000000002LICENSES /* Licenses in Resources */,
			);
			runOnlyForDeploymentPostprocessing = 0;
		};
		258D3A9E29A7CC2F00858CE1 /* Resources */ = {
			isa = PBXResourcesBuildPhase;
			buildActionMask = 2147483647;
			files = (
			);
			runOnlyForDeploymentPostprocessing = 0;
		};
		258D3AA829A7CC2F00858CE1 /* Resources */ = {
			isa = PBXResourcesBuildPhase;
			buildActionMask = 2147483647;
			files = (
			);
			runOnlyForDeploymentPostprocessing = 0;
		};
/* End PBXResourcesBuildPhase section */

/* Begin PBXSourcesBuildPhase section */
		258D3A8B29A7CC2E00858CE1 /* Sources */ = {
			isa = PBXSourcesBuildPhase;
			buildActionMask = 2147483647;
			files = (
				257242462BF18F7700BD9A67 /* utilities.swift in Sources */,
				EE000000000000000100SUPP /* ExportSupport.swift in Sources */,
				258D3A9529A7CC2E00858CE1 /* AppleNotesExporterView.swift in Sources */,
				257E91212BF26FD30052606E /* NoteSelectorView.swift in Sources */,
				25A01F0C2E8F3EEF00C7D9FA /* notestore.pb.swift in Sources */,
				CCCC000000000002DATCMP /* Data+Compression.swift in Sources */,
				258D3A9329A7CC2E00858CE1 /* AppleNotesExporterApp.swift in Sources */,
				257E911F2BF26FC10052606E /* ExportView.swift in Sources */,
				2519EE842E3AEA7200CC5D3C /* LicensePermissionsView.swift in Sources */,
				A4F0225E1D3DAA18CE0DE934 /* NotesViewModel.swift in Sources */,
				A8F32496C70C760F63A553A8 /* ExportViewModel.swift in Sources */,
				8A94616573DA263AAD9AA0FB /* NotesRepository.swift in Sources */,
				51456FAA94D28F3F9DA7ADEC /* NotesModels.swift in Sources */,
				1C4D45247207F83682A109C7 /* ExportLogView.swift in Sources */,
				250816942F527B6400CD5778 /* AppleNotesKit.c in Sources */,
				8D4C76EB0567C11E57ADAA1B /* TableParser.swift in Sources */,
				981EF032D162367F78219491 /* NotesNote+Export.swift in Sources */,
				A763A884FDDA01ABEE1BEE17 /* ExportConfiguration.swift in Sources */,
				B2D4E9A1F3C8A7B5D6E0F123 /* SyncManifest.swift in Sources */,
				CD247032451BCF2264B446AC /* FormatOptionsView.swift in Sources */,
				F6A42B2B6E8AFF8161AA22CE /* HTMLAttachmentProcessor.swift in Sources */,
				BBBB000000000002HTMLGEN /* NoteHTMLGenerator.swift in Sources */,
			);
			runOnlyForDeploymentPostprocessing = 0;
		};
		258D3A9C29A7CC2F00858CE1 /* Sources */ = {
			isa = PBXSourcesBuildPhase;
			buildActionMask = 2147483647;
			files = (
				258D3AA529A7CC2F00858CE1 /* Apple_Notes_ExporterTests.swift in Sources */,
			);
			runOnlyForDeploymentPostprocessing = 0;
		};
		258D3AA629A7CC2F00858CE1 /* Sources */ = {
			isa = PBXSourcesBuildPhase;
			buildActionMask = 2147483647;
			files = (
				258D3AB129A7CC2F00858CE1 /* Apple_Notes_ExporterUITestsLaunchTests.swift in Sources */,
				258D3AAF29A7CC2F00858CE1 /* Apple_Notes_ExporterUITests.swift in Sources */,
			);
			runOnlyForDeploymentPostprocessing = 0;
		};
		CC000000000000000001SRCS /* Sources */ = {
			isa = PBXSourcesBuildPhase;
			buildActionMask = 2147483647;
			files = (
				BB000000000000000001MAIN /* NotesExportCLI.swift in Sources */,
				BB000000000000000002ENGN /* CLIExportEngine.swift in Sources */,
				BB000000000000000003OUTP /* CLIOutput.swift in Sources */,
				BB000000000000000004ERRO /* CLIError.swift in Sources */,
				BB000000000000000005LACC /* ListAccountsCommand.swift in Sources */,
				BB000000000000000006LFLD /* ListFoldersCommand.swift in Sources */,
				BB000000000000000007LNOT /* ListNotesCommand.swift in Sources */,
				BB000000000000000008EXPC /* ExportCommand.swift in Sources */,
				BB000000000000000009SYNC /* SyncStatusCommand.swift in Sources */,
				BB000000000000000009KITC /* AppleNotesKit.c in Sources */,
				BB00000000000000000AMODS /* NotesModels.swift in Sources */,
				BB00000000000000000BREPO /* NotesRepository.swift in Sources */,
				BB00000000000000000CCFGR /* ExportConfiguration.swift in Sources */,
				BB00000000000000000DSYNC /* SyncManifest.swift in Sources */,
				EE000000000000000101SUPP /* ExportSupport.swift in Sources */,
				BB00000000000000000EHTMG /* NoteHTMLGenerator.swift in Sources */,
				BB00000000000000000FDATC /* Data+Compression.swift in Sources */,
				BB00000000000000000GPBSW /* notestore.pb.swift in Sources */,
				BB00000000000000000HHTML /* HTMLAttachmentProcessor.swift in Sources */,
				BB00000000000000000ITABL /* TableParser.swift in Sources */,
				BB00000000000000000JNOTE /* NotesNote+Export.swift in Sources */,
			);
			runOnlyForDeploymentPostprocessing = 0;
		};
		CC000000000000000003SRCS /* Sources */ = {
			isa = PBXSourcesBuildPhase;
			buildActionMask = 2147483647;
			files = (
				BB00000000000000002MSVR /* NotesMCPServer.swift in Sources */,
				BB00000000000000003MHND /* MCPToolHandlers.swift in Sources */,
				MC000000000000000001KITC /* AppleNotesKit.c in Sources */,
				MC000000000000000002MODS /* NotesModels.swift in Sources */,
				MC000000000000000003REPO /* NotesRepository.swift in Sources */,
				MC000000000000000004CFGR /* ExportConfiguration.swift in Sources */,
				MC000000000000000005SYNC /* SyncManifest.swift in Sources */,
				EE000000000000000102SUPP /* ExportSupport.swift in Sources */,
				MC000000000000000006HTMG /* NoteHTMLGenerator.swift in Sources */,
				MC000000000000000007DATC /* Data+Compression.swift in Sources */,
				MC000000000000000008PBSW /* notestore.pb.swift in Sources */,
				MC000000000000000009HTML /* HTMLAttachmentProcessor.swift in Sources */,
				MC00000000000000000ATABL /* TableParser.swift in Sources */,
				MC00000000000000000BNOTE /* NotesNote+Export.swift in Sources */,
				MC00000000000000000CENGN /* CLIExportEngine.swift in Sources */,
				MC00000000000000000DOUTP /* CLIOutput.swift in Sources */,
				MC00000000000000000EERRO /* CLIError.swift in Sources */,
			);
			runOnlyForDeploymentPostprocessing = 0;
		};
/* End PBXSourcesBuildPhase section */

/* Begin PBXTargetDependency section */
		258D3AA229A7CC2F00858CE1 /* PBXTargetDependency */ = {
			isa = PBXTargetDependency;
			target = 258D3A8E29A7CC2E00858CE1 /* Apple Notes Exporter */;
			targetProxy = 258D3AA129A7CC2F00858CE1 /* PBXContainerItemProxy */;
		};
		258D3AAC29A7CC2F00858CE1 /* PBXTargetDependency */ = {
			isa = PBXTargetDependency;
			target = 258D3A8E29A7CC2E00858CE1 /* Apple Notes Exporter */;
			targetProxy = 258D3AAB29A7CC2F00858CE1 /* PBXContainerItemProxy */;
		};
/* End PBXTargetDependency section */

/* Begin XCBuildConfiguration section */
		258D3AB229A7CC2F00858CE1 /* Debug */ = {
			isa = XCBuildConfiguration;
			buildSettings = {
				ALWAYS_SEARCH_USER_PATHS = NO;
				CLANG_ANALYZER_NONNULL = YES;
				CLANG_ANALYZER_NUMBER_OBJECT_CONVERSION = YES_AGGRESSIVE;
				CLANG_CXX_LANGUAGE_STANDARD = "gnu++20";
				CLANG_ENABLE_MODULES = YES;
				CLANG_ENABLE_OBJC_ARC = YES;
				CLANG_ENABLE_OBJC_WEAK = YES;
				CLANG_WARN_BLOCK_CAPTURE_AUTORELEASING = YES;
				CLANG_WARN_BOOL_CONVERSION = YES;
				CLANG_WARN_COMMA = YES;
				CLANG_WARN_CONSTANT_CONVERSION = YES;
				CLANG_WARN_DEPRECATED_OBJC_IMPLEMENTATIONS = YES;
				CLANG_WARN_DIRECT_OBJC_ISA_USAGE = YES_ERROR;
				CLANG_WARN_DOCUMENTATION_COMMENTS = YES;
				CLANG_WARN_EMPTY_BODY = YES;
				CLANG_WARN_ENUM_CONVERSION = YES;
				CLANG_WARN_INFINITE_RECURSION = YES;
				CLANG_WARN_INT_CONVERSION = YES;
				CLANG_WARN_NON_LITERAL_NULL_CONVERSION = YES;
				CLANG_WARN_OBJC_IMPLICIT_RETAIN_SELF = YES;
				CLANG_WARN_OBJC_LITERAL_CONVERSION = YES;
				CLANG_WARN_OBJC_ROOT_CLASS = YES_ERROR;
				CLANG_WARN_QUOTED_INCLUDE_IN_FRAMEWORK_HEADER = YES;
				CLANG_WARN_RANGE_LOOP_ANALYSIS = YES;
				CLANG_WARN_STRICT_PROTOTYPES = YES;
				CLANG_WARN_SUSPICIOUS_MOVE = YES;
				CLANG_WARN_UNGUARDED_AVAILABILITY = YES_AGGRESSIVE;
				CLANG_WARN_UNREACHABLE_CODE = YES;
				CLANG_WARN__DUPLICATE_METHOD_MATCH = YES;
				COPY_PHASE_STRIP = NO;
				DEAD_CODE_STRIPPING = YES;
				DEBUG_INFORMATION_FORMAT = dwarf;
				ENABLE_STRICT_OBJC_MSGSEND = YES;
				ENABLE_TESTABILITY = YES;
				ENABLE_USER_SCRIPT_SANDBOXING = YES;
				GCC_C_LANGUAGE_STANDARD = gnu11;
				GCC_DYNAMIC_NO_PIC = NO;
				GCC_NO_COMMON_BLOCKS = YES;
				GCC_OPTIMIZATION_LEVEL = 0;
				GCC_PREPROCESSOR_DEFINITIONS = (
					"DEBUG=1",
					"$(inherited)",
				);
				GCC_WARN_64_TO_32_BIT_CONVERSION = YES;
				GCC_WARN_ABOUT_RETURN_TYPE = YES_ERROR;
				GCC_WARN_UNDECLARED_SELECTOR = YES;
				GCC_WARN_UNINITIALIZED_AUTOS = YES_AGGRESSIVE;
				GCC_WARN_UNUSED_FUNCTION = YES;
				GCC_WARN_UNUSED_VARIABLE = YES;
				MACOSX_DEPLOYMENT_TARGET = 11.0;
				MTL_ENABLE_DEBUG_INFO = INCLUDE_SOURCE;
				MTL_FAST_MATH = YES;
				ONLY_ACTIVE_ARCH = YES;
				SDKROOT = macosx;
				STRING_CATALOG_GENERATE_SYMBOLS = YES;
				SWIFT_ACTIVE_COMPILATION_CONDITIONS = DEBUG;
				SWIFT_OPTIMIZATION_LEVEL = "-Onone";
			};
			name = Debug;
		};
		258D3AB329A7CC2F00858CE1 /* Release */ = {
			isa = XCBuildConfiguration;
			buildSettings = {
				ALWAYS_SEARCH_USER_PATHS = NO;
				CLANG_ANALYZER_NONNULL = YES;
				CLANG_ANALYZER_NUMBER_OBJECT_CONVERSION = YES_AGGRESSIVE;
				CLANG_CXX_LANGUAGE_STANDARD = "gnu++20";
				CLANG_ENABLE_MODULES = YES;
				CLANG_ENABLE_OBJC_ARC = YES;
				CLANG_ENABLE_OBJC_WEAK = YES;
				CLANG_WARN_BLOCK_CAPTURE_AUTORELEASING = YES;
				CLANG_WARN_BOOL_CONVERSION = YES;
				CLANG_WARN_COMMA = YES;
				CLANG_WARN_CONSTANT_CONVERSION = YES;
				CLANG_WARN_DEPRECATED_OBJC_IMPLEMENTATIONS = YES;
				CLANG_WARN_DIRECT_OBJC_ISA_USAGE = YES_ERROR;
				CLANG_WARN_DOCUMENTATION_COMMENTS = YES;
				CLANG_WARN_EMPTY_BODY = YES;
				CLANG_WARN_ENUM_CONVERSION = YES;
				CLANG_WARN_INFINITE_RECURSION = YES;
				CLANG_WARN_INT_CONVERSION = YES;
				CLANG_WARN_NON_LITERAL_NULL_CONVERSION = YES;
				CLANG_WARN_OBJC_IMPLICIT_RETAIN_SELF = YES;
				CLANG_WARN_OBJC_LITERAL_CONVERSION = YES;
				CLANG_WARN_OBJC_ROOT_CLASS = YES_ERROR;
				CLANG_WARN_QUOTED_INCLUDE_IN_FRAMEWORK_HEADER = YES;
				CLANG_WARN_RANGE_LOOP_ANALYSIS = YES;
				CLANG_WARN_STRICT_PROTOTYPES = YES;
				CLANG_WARN_SUSPICIOUS_MOVE = YES;
				CLANG_WARN_UNGUARDED_AVAILABILITY = YES_AGGRESSIVE;
				CLANG_WARN_UNREACHABLE_CODE = YES;
				CLANG_WARN__DUPLICATE_METHOD_MATCH = YES;
				COPY_PHASE_STRIP = NO;
				DEAD_CODE_STRIPPING = YES;
				DEBUG_INFORMATION_FORMAT = "dwarf-with-dsym";
				ENABLE_NS_ASSERTIONS = NO;
				ENABLE_STRICT_OBJC_MSGSEND = YES;
				ENABLE_USER_SCRIPT_SANDBOXING = YES;
				GCC_C_LANGUAGE_STANDARD = gnu11;
				GCC_NO_COMMON_BLOCKS = YES;
				GCC_WARN_64_TO_32_BIT_CONVERSION = YES;
				GCC_WARN_ABOUT_RETURN_TYPE = YES_ERROR;
				GCC_WARN_UNDECLARED_SELECTOR = YES;
				GCC_WARN_UNINITIALIZED_AUTOS = YES_AGGRESSIVE;
				GCC_WARN_UNUSED_FUNCTION = YES;
				GCC_WARN_UNUSED_VARIABLE = YES;
				MACOSX_DEPLOYMENT_TARGET = 11.0;
				MTL_ENABLE_DEBUG_INFO = NO;
				MTL_FAST_MATH = YES;
				SDKROOT = macosx;
				STRING_CATALOG_GENERATE_SYMBOLS = YES;
				SWIFT_COMPILATION_MODE = wholemodule;
				SWIFT_OPTIMIZATION_LEVEL = "-O";
			};
			name = Release;
		};
		258D3AB529A7CC2F00858CE1 /* Debug */ = {
			isa = XCBuildConfiguration;
			buildSettings = {
				ASSETCATALOG_COMPILER_APPICON_NAME = AppIcon;
				ASSETCATALOG_COMPILER_GLOBAL_ACCENT_COLOR_NAME = AccentColor;
				ASSETCATALOG_COMPILER_INCLUDE_ALL_APPICON_ASSETS = NO;
				CODE_SIGN_ENTITLEMENTS = "Apple Notes Exporter/Apple_Notes_Exporter.entitlements";
				CODE_SIGN_IDENTITY = "Apple Development";
				"CODE_SIGN_IDENTITY[sdk=macosx*]" = "Apple Development";
				CODE_SIGN_STYLE = Automatic;
				COMBINE_HIDPI_IMAGES = YES;
				CURRENT_PROJECT_VERSION = 2;
				DEAD_CODE_STRIPPING = YES;
				DEVELOPMENT_ASSET_PATHS = "\"Apple Notes Exporter/Preview Content\"";
				DEVELOPMENT_TEAM = T4J2388378;
				ENABLE_HARDENED_RUNTIME = YES;
				ENABLE_PREVIEWS = YES;
				GENERATE_INFOPLIST_FILE = YES;
				HEADER_SEARCH_PATHS = "$(SRCROOT)/**";
				INFOPLIST_FILE = "Apple-Notes-Exporter-Info.plist";
				INFOPLIST_KEY_CFBundleDisplayName = "Apple Notes Exporter";
				INFOPLIST_KEY_LSApplicationCategoryType = "public.app-category.utilities";
				INFOPLIST_KEY_NSHumanReadableCopyright = "Copyright © 2026 Konstantin Zaremski. Licensed under GPL v3.";
				LD_RUNPATH_SEARCH_PATHS = (
					"$(inherited)",
					"@executable_path/../Frameworks",
				);
				MACOSX_DEPLOYMENT_TARGET = 11.0;
				MARKETING_VERSION = 1.1;
				PRODUCT_BUNDLE_IDENTIFIER = com.zaremski.AppleNotesExporter;
				PRODUCT_NAME = "$(TARGET_NAME)";
				PROVISIONING_PROFILE_SPECIFIER = "";
				SWIFT_EMIT_LOC_STRINGS = YES;
				SWIFT_OBJC_BRIDGING_HEADER = "Apple Notes Exporter/AppleNotesKit/AppleNotesKit-Bridging-Header.h";
				SWIFT_PRECOMPILE_BRIDGING_HEADER = NO;
				SWIFT_VERSION = 5.0;
			};
			name = Debug;
		};
		258D3AB629A7CC2F00858CE1 /* Release */ = {
			isa = XCBuildConfiguration;
			buildSettings = {
				ASSETCATALOG_COMPILER_APPICON_NAME = AppIcon;
				ASSETCATALOG_COMPILER_GLOBAL_ACCENT_COLOR_NAME = AccentColor;
				ASSETCATALOG_COMPILER_INCLUDE_ALL_APPICON_ASSETS = NO;
				CODE_SIGN_ENTITLEMENTS = "Apple Notes Exporter/Apple_Notes_Exporter.entitlements";
				CODE_SIGN_IDENTITY = "Apple Development";
				CODE_SIGN_STYLE = Automatic;
				COMBINE_HIDPI_IMAGES = YES;
				CURRENT_PROJECT_VERSION = 2;
				DEAD_CODE_STRIPPING = YES;
				DEVELOPMENT_ASSET_PATHS = "\"Apple Notes Exporter/Preview Content\"";
				DEVELOPMENT_TEAM = T4J2388378;
				ENABLE_HARDENED_RUNTIME = YES;
				ENABLE_PREVIEWS = YES;
				GENERATE_INFOPLIST_FILE = YES;
				HEADER_SEARCH_PATHS = "$(SRCROOT)/**";
				INFOPLIST_FILE = "Apple-Notes-Exporter-Info.plist";
				INFOPLIST_KEY_CFBundleDisplayName = "Apple Notes Exporter";
				INFOPLIST_KEY_LSApplicationCategoryType = "public.app-category.utilities";
				INFOPLIST_KEY_NSHumanReadableCopyright = "Copyright © 2026 Konstantin Zaremski. Licensed under GPL v3.";
				LD_RUNPATH_SEARCH_PATHS = (
					"$(inherited)",
					"@executable_path/../Frameworks",
				);
				MACOSX_DEPLOYMENT_TARGET = 11.0;
				MARKETING_VERSION = 1.1;
				PRODUCT_BUNDLE_IDENTIFIER = com.zaremski.AppleNotesExporter;
				PRODUCT_NAME = "$(TARGET_NAME)";
				PROVISIONING_PROFILE_SPECIFIER = "";
				SWIFT_EMIT_LOC_STRINGS = YES;
				SWIFT_OBJC_BRIDGING_HEADER = "Apple Notes Exporter/AppleNotesKit/AppleNotesKit-Bridging-Header.h";
				SWIFT_PRECOMPILE_BRIDGING_HEADER = NO;
				SWIFT_VERSION = 5.0;
			};
			name = Release;
		};
		258D3AB829A7CC2F00858CE1 /* Debug */ = {
			isa = XCBuildConfiguration;
			buildSettings = {
				BUNDLE_LOADER = "$(TEST_HOST)";
				CODE_SIGN_STYLE = Automatic;
				CURRENT_PROJECT_VERSION = 1;
				DEAD_CODE_STRIPPING = YES;
				DEVELOPMENT_TEAM = T4J2388378;
				GENERATE_INFOPLIST_FILE = YES;
				MACOSX_DEPLOYMENT_TARGET = 13.1;
				MARKETING_VERSION = 1.0;
				PRODUCT_BUNDLE_IDENTIFIER = "com.zaremski.Apple-Notes-ExporterTests";
				PRODUCT_NAME = "$(TARGET_NAME)";
				SWIFT_EMIT_LOC_STRINGS = NO;
				SWIFT_VERSION = 5.0;
				TEST_HOST = "$(BUILT_PRODUCTS_DIR)/Apple Notes Exporter.app/$(BUNDLE_EXECUTABLE_FOLDER_PATH)/Apple Notes Exporter";
			};
			name = Debug;
		};
		258D3AB929A7CC2F00858CE1 /* Release */ = {
			isa = XCBuildConfiguration;
			buildSettings = {
				BUNDLE_LOADER = "$(TEST_HOST)";
				CODE_SIGN_STYLE = Automatic;
				CURRENT_PROJECT_VERSION = 1;
				DEAD_CODE_STRIPPING = YES;
				DEVELOPMENT_TEAM = T4J2388378;
				GENERATE_INFOPLIST_FILE = YES;
				MACOSX_DEPLOYMENT_TARGET = 13.1;
				MARKETING_VERSION = 1.0;
				PRODUCT_BUNDLE_IDENTIFIER = "com.zaremski.Apple-Notes-ExporterTests";
				PRODUCT_NAME = "$(TARGET_NAME)";
				SWIFT_EMIT_LOC_STRINGS = NO;
				SWIFT_VERSION = 5.0;
				TEST_HOST = "$(BUILT_PRODUCTS_DIR)/Apple Notes Exporter.app/$(BUNDLE_EXECUTABLE_FOLDER_PATH)/Apple Notes Exporter";
			};
			name = Release;
		};
		258D3ABB29A7CC2F00858CE1 /* Debug */ = {
			isa = XCBuildConfiguration;
			buildSettings = {
				CODE_SIGN_STYLE = Automatic;
				CURRENT_PROJECT_VERSION = 1;
				DEAD_CODE_STRIPPING = YES;
				DEVELOPMENT_TEAM = T4J2388378;
				GENERATE_INFOPLIST_FILE = YES;
				MARKETING_VERSION = 1.0;
				PRODUCT_BUNDLE_IDENTIFIER = "com.zaremski.Apple-Notes-ExporterUITests";
				PRODUCT_NAME = "$(TARGET_NAME)";
				SWIFT_EMIT_LOC_STRINGS = NO;
				SWIFT_VERSION = 5.0;
				TEST_TARGET_NAME = "Apple Notes Exporter";
			};
			name = Debug;
		};
		258D3ABC29A7CC2F00858CE1 /* Release */ = {
			isa = XCBuildConfiguration;
			buildSettings = {
				CODE_SIGN_STYLE = Automatic;
				CURRENT_PROJECT_VERSION = 1;
				DEAD_CODE_STRIPPING = YES;
				DEVELOPMENT_TEAM = T4J2388378;
				GENERATE_INFOPLIST_FILE = YES;
				MARKETING_VERSION = 1.0;
				PRODUCT_BUNDLE_IDENTIFIER = "com.zaremski.Apple-Notes-ExporterUITests";
				PRODUCT_NAME = "$(TARGET_NAME)";
				SWIFT_EMIT_LOC_STRINGS = NO;
				SWIFT_VERSION = 5.0;
				TEST_TARGET_NAME = "Apple Notes Exporter";
			};
			name = Release;
		};
		FF000000000000000001DBUG /* Debug */ = {
			isa = XCBuildConfiguration;
			buildSettings = {
				CODE_SIGN_ENTITLEMENTS = "Apple Notes Exporter CLI/AppleNotesExporterCLI.entitlements";
				CODE_SIGN_IDENTITY = "Apple Development";
				"CODE_SIGN_IDENTITY[sdk=macosx*]" = "Apple Development";
				CODE_SIGN_STYLE = Automatic;
				DEAD_CODE_STRIPPING = YES;
				DEVELOPMENT_TEAM = T4J2388378;
				ENABLE_HARDENED_RUNTIME = YES;
				GENERATE_INFOPLIST_FILE = YES;
				HEADER_SEARCH_PATHS = "$(SRCROOT)/**";
				MACOSX_DEPLOYMENT_TARGET = 13.0;
				MARKETING_VERSION = 1.1;
				OTHER_SWIFT_FLAGS = "-DCLI_TARGET";
				PRODUCT_BUNDLE_IDENTIFIER = com.zaremski.AppleNotesExporterCLI;
				PRODUCT_NAME = "notes-export";
				SWIFT_OBJC_BRIDGING_HEADER = "Apple Notes Exporter/AppleNotesKit/AppleNotesKit-Bridging-Header.h";
				SWIFT_PRECOMPILE_BRIDGING_HEADER = NO;
				SWIFT_VERSION = 5.0;
			};
			name = Debug;
		};
		FF000000000000000002RLSE /* Release */ = {
			isa = XCBuildConfiguration;
			buildSettings = {
				CODE_SIGN_ENTITLEMENTS = "Apple Notes Exporter CLI/AppleNotesExporterCLI.entitlements";
				CODE_SIGN_IDENTITY = "Apple Development";
				CODE_SIGN_STYLE = Automatic;
				DEAD_CODE_STRIPPING = YES;
				DEVELOPMENT_TEAM = T4J2388378;
				ENABLE_HARDENED_RUNTIME = YES;
				GENERATE_INFOPLIST_FILE = YES;
				HEADER_SEARCH_PATHS = "$(SRCROOT)/**";
				MACOSX_DEPLOYMENT_TARGET = 13.0;
				MARKETING_VERSION = 1.1;
				OTHER_SWIFT_FLAGS = "-DCLI_TARGET";
				PRODUCT_BUNDLE_IDENTIFIER = com.zaremski.AppleNotesExporterCLI;
				PRODUCT_NAME = "notes-export";
				PROVISIONING_PROFILE_SPECIFIER = "";
				SWIFT_COMPILATION_MODE = wholemodule;
				SWIFT_OBJC_BRIDGING_HEADER = "Apple Notes Exporter/AppleNotesKit/AppleNotesKit-Bridging-Header.h";
				SWIFT_OPTIMIZATION_LEVEL = "-O";
				SWIFT_PRECOMPILE_BRIDGING_HEADER = NO;
				SWIFT_VERSION = 5.0;
			};
			name = Release;
		};
		FF000000000000000003DBUG /* Debug */ = {
			isa = XCBuildConfiguration;
			buildSettings = {
				CODE_SIGN_ENTITLEMENTS = "Apple Notes Exporter MCP/AppleNotesExporterMCP.entitlements";
				CODE_SIGN_IDENTITY = "Apple Development";
				"CODE_SIGN_IDENTITY[sdk=macosx*]" = "Apple Development";
				CODE_SIGN_STYLE = Automatic;
				DEAD_CODE_STRIPPING = YES;
				DEVELOPMENT_TEAM = T4J2388378;
				ENABLE_HARDENED_RUNTIME = YES;
				GENERATE_INFOPLIST_FILE = YES;
				HEADER_SEARCH_PATHS = "$(SRCROOT)/**";
				MACOSX_DEPLOYMENT_TARGET = 13.0;
				MARKETING_VERSION = 1.1;
				OTHER_SWIFT_FLAGS = "-DCLI_TARGET";
				PRODUCT_BUNDLE_IDENTIFIER = com.zaremski.AppleNotesExporterMCP;
				PRODUCT_NAME = "notes-export-mcp";
				SWIFT_OBJC_BRIDGING_HEADER = "Apple Notes Exporter/AppleNotesKit/AppleNotesKit-Bridging-Header.h";
				SWIFT_PRECOMPILE_BRIDGING_HEADER = NO;
				SWIFT_VERSION = 5.0;
			};
			name = Debug;
		};
		FF000000000000000004RLSE /* Release */ = {
			isa = XCBuildConfiguration;
			buildSettings = {
				CODE_SIGN_ENTITLEMENTS = "Apple Notes Exporter MCP/AppleNotesExporterMCP.entitlements";
				CODE_SIGN_IDENTITY = "Apple Development";
				CODE_SIGN_STYLE = Automatic;
				DEAD_CODE_STRIPPING = YES;
				DEVELOPMENT_TEAM = T4J2388378;
				ENABLE_HARDENED_RUNTIME = YES;
				GENERATE_INFOPLIST_FILE = YES;
				HEADER_SEARCH_PATHS = "$(SRCROOT)/**";
				MACOSX_DEPLOYMENT_TARGET = 13.0;
				MARKETING_VERSION = 1.1;
				OTHER_SWIFT_FLAGS = "-DCLI_TARGET";
				PRODUCT_BUNDLE_IDENTIFIER = com.zaremski.AppleNotesExporterMCP;
				PRODUCT_NAME = "notes-export-mcp";
				PROVISIONING_PROFILE_SPECIFIER = "";
				SWIFT_COMPILATION_MODE = wholemodule;
				SWIFT_OBJC_BRIDGING_HEADER = "Apple Notes Exporter/AppleNotesKit/AppleNotesKit-Bridging-Header.h";
				SWIFT_OPTIMIZATION_LEVEL = "-O";
				SWIFT_PRECOMPILE_BRIDGING_HEADER = NO;
				SWIFT_VERSION = 5.0;
			};
			name = Release;
		};
/* End XCBuildConfiguration section */

/* Begin XCConfigurationList section */
		258D3A8A29A7CC2E00858CE1 /* Build configuration list for PBXProject "Apple Notes Exporter" */ = {
			isa = XCConfigurationList;
			buildConfigurations = (
				258D3AB229A7CC2F00858CE1 /* Debug */,
				258D3AB329A7CC2F00858CE1 /* Release */,
			);
			defaultConfigurationIsVisible = 0;
			defaultConfigurationName = Release;
		};
		258D3AB429A7CC2F00858CE1 /* Build configuration list for PBXNativeTarget "Apple Notes Exporter" */ = {
			isa = XCConfigurationList;
			buildConfigurations = (
				258D3AB529A7CC2F00858CE1 /* Debug */,
				258D3AB629A7CC2F00858CE1 /* Release */,
			);
			defaultConfigurationIsVisible = 0;
			defaultConfigurationName = Release;
		};
		258D3AB729A7CC2F00858CE1 /* Build configuration list for PBXNativeTarget "Apple Notes ExporterTests" */ = {
			isa = XCConfigurationList;
			buildConfigurations = (
				258D3AB829A7CC2F00858CE1 /* Debug */,
				258D3AB929A7CC2F00858CE1 /* Release */,
			);
			defaultConfigurationIsVisible = 0;
			defaultConfigurationName = Release;
		};
		258D3ABA29A7CC2F00858CE1 /* Build configuration list for PBXNativeTarget "Apple Notes ExporterUITests" */ = {
			isa = XCConfigurationList;
			buildConfigurations = (
				258D3ABB29A7CC2F00858CE1 /* Debug */,
				258D3ABC29A7CC2F00858CE1 /* Release */,
			);
			defaultConfigurationIsVisible = 0;
			defaultConfigurationName = Release;
		};
		GG000000000000000001CFGL /* Build configuration list for PBXNativeTarget "notes-export" */ = {
			isa = XCConfigurationList;
			buildConfigurations = (
				FF000000000000000001DBUG /* Debug */,
				FF000000000000000002RLSE /* Release */,
			);
			defaultConfigurationIsVisible = 0;
			defaultConfigurationName = Release;
		};
		GG000000000000000002CFGL /* Build configuration list for PBXNativeTarget "notes-export-mcp" */ = {
			isa = XCConfigurationList;
			buildConfigurations = (
				FF000000000000000003DBUG /* Debug */,
				FF000000000000000004RLSE /* Release */,
			);
			defaultConfigurationIsVisible = 0;
			defaultConfigurationName = Release;
		};
/* End XCConfigurationList section */

/* Begin XCRemoteSwiftPackageReference section */
		2519EE872E3BD57E00CC5D3C /* XCRemoteSwiftPackageReference "FullDiskAccess" */ = {
			isa = XCRemoteSwiftPackageReference;
			repositoryURL = "https://github.com/inket/FullDiskAccess";
			requirement = {
				kind = upToNextMajorVersion;
				minimumVersion = 1.0.0;
			};
		};
		25479E582E1C5D08003E49E6 /* XCRemoteSwiftPackageReference "swift-html-to-pdf" */ = {
			isa = XCRemoteSwiftPackageReference;
			repositoryURL = "https://github.com/coenttb/swift-html-to-pdf/";
			requirement = {
				kind = upToNextMajorVersion;
				minimumVersion = 0.4.0;
			};
		};
		25A01F0E2E8F3F6600C7D9FA /* XCRemoteSwiftPackageReference "swift-protobuf" */ = {
			isa = XCRemoteSwiftPackageReference;
			repositoryURL = "https://github.com/apple/swift-protobuf";
			requirement = {
				kind = upToNextMajorVersion;
				minimumVersion = 1.31.1;
			};
		};
		HH000000000000000001ARGP /* XCRemoteSwiftPackageReference "swift-argument-parser" */ = {
			isa = XCRemoteSwiftPackageReference;
			repositoryURL = "https://github.com/apple/swift-argument-parser";
			requirement = {
				kind = upToNextMajorVersion;
				minimumVersion = 1.3.0;
			};
		};
		HH000000000000000002SDKP /* XCRemoteSwiftPackageReference "swift-sdk" */ = {
			isa = XCRemoteSwiftPackageReference;
			repositoryURL = "https://github.com/modelcontextprotocol/swift-sdk";
			requirement = {
				kind = upToNextMajorVersion;
				minimumVersion = 0.9.0;
			};
		};
/* End XCRemoteSwiftPackageReference section */

/* Begin XCSwiftPackageProductDependency section */
		2519EE882E3BD57E00CC5D3C /* FullDiskAccess */ = {
			isa = XCSwiftPackageProductDependency;
			package = 2519EE872E3BD57E00CC5D3C /* XCRemoteSwiftPackageReference "FullDiskAccess" */;
			productName = FullDiskAccess;
		};
		2519EE8A2E3BDE5E00CC5D3C /* HtmlToPdf */ = {
			isa = XCSwiftPackageProductDependency;
			package = 25479E582E1C5D08003E49E6 /* XCRemoteSwiftPackageReference "swift-html-to-pdf" */;
			productName = HtmlToPdf;
		};
		25A01F0F2E8F3F6600C7D9FA /* SwiftProtobuf */ = {
			isa = XCSwiftPackageProductDependency;
			package = 25A01F0E2E8F3F6600C7D9FA /* XCRemoteSwiftPackageReference "swift-protobuf" */;
			productName = SwiftProtobuf;
		};
		II000000000000000001APDP /* ArgumentParser */ = {
			isa = XCSwiftPackageProductDependency;
			package = HH000000000000000001ARGP /* XCRemoteSwiftPackageReference "swift-argument-parser" */;
			productName = ArgumentParser;
		};
		II000000000000000002SPDP /* SwiftProtobuf */ = {
			isa = XCSwiftPackageProductDependency;
			package = 25A01F0E2E8F3F6600C7D9FA /* XCRemoteSwiftPackageReference "swift-protobuf" */;
			productName = SwiftProtobuf;
		};
		II000000000000000005APDP /* MCP */ = {
			isa = XCSwiftPackageProductDependency;
			package = HH000000000000000002SDKP /* XCRemoteSwiftPackageReference "swift-sdk" */;
			productName = MCP;
		};
		II000000000000000006SPDP /* SwiftProtobuf */ = {
			isa = XCSwiftPackageProductDependency;
			package = 25A01F0E2E8F3F6600C7D9FA /* XCRemoteSwiftPackageReference "swift-protobuf" */;
			productName = SwiftProtobuf;
		};
/* End XCSwiftPackageProductDependency section */
	};
	rootObject = 258D3A8729A7CC2E00858CE1 /* Project object */;
}
